{
  "name": "test-historicos",
  "version": "1.0.0",
  "lockfileVersion": 3,
  "requires": true,
  "packages": {
    "": {
      "name": "test-historicos",
      "version": "1.0.0",
      "dependencies": {
        "pdfjs-dist": "5.4.624"
      }
    },
    "node_modules/@napi-rs/canvas": {
      "version": "0.1.93",
      "resolved": "https://registry.npmjs.org/@napi-rs/canvas/-/canvas-0.1.93.tgz",
      "integrity": "sha512-unVFo8CUlUeJCCxt50+j4yy91NF4x6n9zdGcvEsOFAWzowtZm3mgx8X2D7xjwV0cFSfxmpGPoe+JS77uzeFsxg==",
      "license": "MIT",
      "optional": true,
      "workspaces": [
        "e2e/*"
      ],
      "engines": {
        "node": ">= 10"
      },
      "funding": {
        "type": "github",
        "url": "https://github.com/sponsors/Brooooooklyn"
      },
      "optionalDependencies": {
        "@napi-rs/canvas-android-arm64": "0.1.93",
        "@napi-rs/canvas-darwin-arm64": "0.1.93",
        "@napi-rs/canvas-darwin-x64": "0.1.93",
        "@napi-rs/canvas-linux-arm-gnueabihf": "0.1.93",
        "@napi-rs/canvas-linux-arm64-gnu": "0.1.93",
        "@napi-rs/canvas-linux-arm64-musl": "0.1.93",
        "@napi-rs/canvas-linux-riscv64-gnu": "0.1.93",
        "@napi-rs/canvas-linux-x64-gnu": "0.1.93",
        "@napi-rs/canvas-linux-x64-musl": "0.1.93",
        "@napi-rs/canvas-win32-arm64-msvc": "0.1.93",
        "@napi-rs/canvas-win32-x64-msvc": "0.1.93"
      }
    },
    "node_modules/@napi-rs/canvas-android-arm64": {
      "version": "0.1.93",
      "resolved": "https://registry.npmjs.org/@napi-rs/canvas-android-arm64/-/canvas-android-arm64-0.1.93.tgz",
      "integrity": "sha512-xRIoOPFvneR29Dtq5d9p2AJbijDCFeV4jQ+5Ms/xVAXJVb8R0Jlu+pPr/SkhrG+Mouaml4roPSXugTIeRl6CMA==",
      "cpu": [
        "arm64"
      ],
      "license": "MIT",
      "optional": true,
      "os": [
        "android"
      ],
      "engines": {
        "node": ">= 10"
      },
      "funding": {
        "type": "github",
        "url": "https://github.com/sponsors/Brooooooklyn"
      }
    },
    "node_modules/@napi-rs/canvas-darwin-arm64": {
      "version": "0.1.93",
      "resolved": "https://registry.npmjs.org/@napi-rs/canvas-darwin-arm64/-/canvas-darwin-arm64-0.1.93.tgz",
      "integrity": "sha512-daNDi76HN5grC6GXDmpxdfP+N2mQPd3sCfg62VyHwUuvbZh32P7R/IUjkzAxtYMtTza+Zvx9hfLJ3J7ENL6WMA==",
      "cpu": [
        "arm64"
      ],
      "license": "MIT",
      "optional": true,
      "os": [
        "darwin"
      ],
      "engines": {
        "node": ">= 10"
      },
      "funding": {
        "type": "github",
        "url": "https://github.com/sponsors/Brooooooklyn"
      }
    },
    "node_modules/@napi-rs/canvas-darwin-x64": {
      "version": "0.1.93",
      "resolved": "https://registry.npmjs.org/@napi-rs/canvas-darwin-x64/-/canvas-darwin-x64-0.1.93.tgz",
      "integrity": "sha512-1YfuNPIQLawsg/gSNdJRk4kQWUy9M/Gy8FGsOI79nhQEJ2PZdqpSPl5UNzf4elfuNXuVbEbmmjP68EQdUunDuQ==",
      "cpu": [
        "x64"
      ],
      "license": "MIT",
      "optional": true,
      "os": [
        "darwin"
      ],
      "engines": {
        "node": ">= 10"
      },
      "funding": {
        "type": "github",
        "url": "https://github.com/sponsors/Brooooooklyn"
      }
    },
    "node_modules/@napi-rs/canvas-linux-arm-gnueabihf": {
      "version": "0.1.93",
      "resolved": "https://registry.npmjs.org/@napi-rs/canvas-linux-arm-gnueabihf/-/canvas-linux-arm-gnueabihf-0.1.93.tgz",
      "integrity": "sha512-8kEkOQPZjuyHjupvXExuJZiuiVNecdABGq3DLI7aO1EvQFOOlWMm2d/8Q5qXdV73Tn+nu3m16+kPajsN1oJefQ==",
      "cpu": [
        "arm"
      ],
      "license": "MIT",
      "optional": true,
      "os": [
        "linux"
      ],
      "engines": {
        "node": ">= 10"
      },
      "funding": {
        "type": "github",
        "url": "https://github.com/sponsors/Brooooooklyn"
      }
    },
    "node_modules/@napi-rs/canvas-linux-arm64-gnu": {
      "version": "0.1.93",
      "resolved": "https://registry.npmjs.org/@napi-rs/canvas-linux-arm64-gnu/-/canvas-linux-arm64-gnu-0.1.93.tgz",
      "integrity": "sha512-qIKLKkBkYSyWSYAoDThoxf5y1gr4X0g7W8rDU7d2HDeAAcotdVHUwuKkMeNe6+5VNk7/95EIhbslQjSxiCu32g==",
      "cpu": [
        "arm64"
      ],
      "license": "MIT",
      "optional": true,
      "os": [
        "linux"
      ],
      "engines": {
        "node": ">= 10"
      },
      "funding": {
        "type": "github",
        "url": "https://github.com/sponsors/Brooooooklyn"
      }
    },
    "node_modules/@napi-rs/canvas-linux-arm64-musl": {
      "version": "0.1.93",
      "resolved": "https://registry.npmjs.org/@napi-rs/canvas-linux-arm64-musl/-/canvas-linux-arm64-musl-0.1.93.tgz",
      "integrity": "sha512-mAwQBGM3qArS9XEO21AK4E1uGvCuUCXjhIZk0dlVvs49MQ6wAAuCkYKNFpSKeSicKrLWwBMfgWX4qZoPh+M00A==",
      "cpu": [
        "arm64"
      ],
      "license": "MIT",
      "optional": true,
      "os": [
        "linux"
      ],
      "engines": {
        "node": ">= 10"
      },
      "funding": {
        "type": "github",
        "url": "https://github.com/sponsors/Brooooooklyn"
      }
    },
    "node_modules/@napi-rs/canvas-linux-riscv64-gnu": {
      "version": "0.1.93",
      "resolved": "https://registry.npmjs.org/@napi-rs/canvas-linux-riscv64-gnu/-/canvas-linux-riscv64-gnu-0.1.93.tgz",
      "integrity": "sha512-kaIH5MpPzOZfkM+QMsBxGdM9jlJT+N+fwz2IEaju/S+DL65E5TgPOx4QcD5dQ8vsMxlak6uDrudBc4ns5xzZCw==",
      "cpu": [
        "riscv64"
      ],
      "license": "MIT",
      "optional": true,
      "os": [
        "linux"
      ],
      "engines": {
        "node": ">= 10"
      },
      "funding": {
        "type": "github",
        "url": "https://github.com/sponsors/Brooooooklyn"
      }
    },
    "node_modules/@napi-rs/canvas-linux-x64-gnu": {
      "version": "0.1.93",
      "resolved": "https://registry.npmjs.org/@napi-rs/canvas-linux-x64-gnu/-/canvas-linux-x64-gnu-0.1.93.tgz",
      "integrity": "sha512-KtMZJqYWvOSeW5w3VSV2f5iGnwNdKJm4gwgVid4xNy1NFi+NJSyuglA1lX1u4wIPxizyxh8OW5c5Usf6oSOMNQ==",
      "cpu": [
        "x64"
      ],
      "license": "MIT",
      "optional": true,
      "os": [
        "linux"
      ],
      "engines": {
        "node": ">= 10"
      },
      "funding": {
        "type": "github",
        "url": "https://github.com/sponsors/Brooooooklyn"
      }
    },
    "node_modules/@napi-rs/canvas-linux-x64-musl": {
      "version": "0.1.93",
      "resolved": "https://registry.npmjs.org/@napi-rs/canvas-linux-x64-musl/-/canvas-linux-x64-musl-0.1.93.tgz",
      "integrity": "sha512-qRZhOvlDBooRLX6V3/t9X9B+plZK+OrPLgfFixu0A1RO/3VHbubOknfnMnocSDAqk/L6cRyKI83VP2ciR9UO7w==",
      "cpu": [
        "x64"
      ],
      "license": "MIT",
      "optional": true,
      "os": [
        "linux"
      ],
      "engines": {
        "node": ">= 10"
      },
      "funding": {
        "type": "github",
        "url": "https://github.com/sponsors/Brooooooklyn"
      }
    },
    "node_modules/@napi-rs/canvas-win32-arm64-msvc": {
      "version": "0.1.93",
      "resolved": "https://registry.npmjs.org/@napi-rs/canvas-win32-arm64-msvc/-/canvas-win32-arm64-msvc-0.1.93.tgz",
      "integrity": "sha512-um5XE44vF8bjkQEsH2iRSUP9fDeQGYbn/qjM/v4whXG83qsqapAXlOPOQqSARZB1SiNvPUAuXoRsJLlKFmAEFw==",
      "cpu": [
        "arm64"
      ],
      "license": "MIT",
      "optional": true,
      "os": [
        "win32"
      ],
      "engines": {
        "node": ">= 10"
      },
      "funding": {
        "type": "github",
        "url": "https://github.com/sponsors/Brooooooklyn"
      }
    },
    "node_modules/@napi-rs/canvas-win32-x64-msvc": {
      "version": "0.1.93",
      "resolved": "https://registry.npmjs.org/@napi-rs/canvas-win32-x64-msvc/-/canvas-win32-x64-msvc-0.1.93.tgz",
      "integrity": "sha512-maHlizZgmKsAPJwjwBZMnsWfq3Ca9QutoteQwKe7YqsmbECoylrLCCOGCDOredstW4BRWqRTfCl6NJaVVeAQvQ==",
      "cpu": [
        "x64"
      ],
      "license": "MIT",
      "optional": true,
      "os": [
        "win32"
      ],
      "engines": {
        "node": ">= 10"
      },
      "funding": {
        "type": "github",
        "url": "https://github.com/sponsors/Brooooooklyn"
      }
    },
    "node_modules/node-readable-to-web-readable-stream": {
      "version": "0.4.2",
      "resolved": "https://registry.npmjs.org/node-readable-to-web-readable-stream/-/node-readable-to-web-readable-stream-0.4.2.tgz",
      "integrity": "sha512-/cMZNI34v//jUTrI+UIo4ieHAB5EZRY/+7OmXZgBxaWBMcW2tGdceIw06RFxWxrKZ5Jp3sI2i5TsRo+CBhtVLQ==",
      "license": "MIT",
      "optional": true
    },
    "node_modules/pdfjs-dist": {
      "version": "5.4.624",
      "resolved": "https://registry.npmjs.org/pdfjs-dist/-/pdfjs-dist-5.4.624.tgz",
      "integrity": "sha512-sm6TxKTtWv1Oh6n3C6J6a8odejb5uO4A4zo/2dgkHuC0iu8ZMAXOezEODkVaoVp8nX1Xzr+0WxFJJmUr45hQzg==",
      "license": "Apache-2.0",
      "engines": {
        "node": ">=20.16.0 || >=22.3.0"
      },
      "optionalDependencies": {
        "@napi-rs/canvas": "^0.1.88",
        "node-readable-to-web-readable-stream": "^0.4.2"
      }
    }
  }
}
